
Microsoft Visual Studio Solution File, Format Version 12.00
# Visual Studio Version 17
VisualStudioVersion = 17.12.35707.178 d17.12
MinimumVisualStudioVersion = 10.0.40219.1
Project("{FAE04EC0-301F-11D3-BF4B-00C04F79EFBC}") = "ShopList.Gui", "ShopList.Gui\ShopList.Gui.csproj", "{03D056C3-261F-4813-9503-2ED236F4B742}"
EndProject
Global
	GlobalSection(SolutionConfigurationPlatforms) = preSolution
		Debug|Any CPU = Debug|Any CPU
		Release|Any CPU = Release|Any CPU
	EndGlobalSection
	GlobalSection(ProjectConfigurationPlatforms) = postSolution
		{03D056C3-261F-4813-9503-2ED236F4B742}.Debug|Any CPU.ActiveCfg = Debug|Any CPU
		{03D056C3-261F-4813-9503-2ED236F4B742}.Debug|Any CPU.Build.0 = Debug|Any CPU
		{03D056C3-261F-4813-9503-2ED236F4B742}.Release|Any CPU.ActiveCfg = Release|Any CPU
		{03D056C3-261F-4813-9503-2ED236F4B742}.Release|Any CPU.Build.0 = Release|Any CPU
	EndGlobalSection
	GlobalSection(SolutionProperties) = preSolution
		HideSolutionNode = FALSE
	EndGlobalSection
EndGlobal
